
Microsoft Visual Studio Solution File, Format Version 12.00
# Visual Studio 15
VisualStudioVersion = 15.0.27703.2035
MinimumVisualStudioVersion = 10.0.40219.1
Project("{9A19103F-16F7-4668-BE54-9A1E7A4F7556}") = "TranslatorStudioClassLibrary", "TranslatorStudioClassLibrary\TranslatorStudioClassLibrary.csproj", "{1310B71F-1952-4B7B-B78B-ABFADCD30694}"
EndProject
Project("{9A19103F-16F7-4668-BE54-9A1E7A4F7556}") = "TranslatorStudioClassLibrary.Tests", "TranslatorStudioClassLibrary.Tests\TranslatorStudioClassLibrary.Tests.csproj", "{D5A65FC5-7F41-4922-83A9-57A33E4D6DD8}"
EndProject
Project("{9A19103F-16F7-4668-BE54-9A1E7A4F7556}") = "TranslatorStudioClassLibrary.Contracts", "TranslatorStudioClassLibrary.Contracts\TranslatorStudioClassLibrary.Contracts.csproj", "{B0DE8515-FB4F-4642-949A-E397C00A8145}"
EndProject
Global
	GlobalSection(SolutionConfigurationPlatforms) = preSolution
		Debug|Any CPU = Debug|Any CPU
		Release|Any CPU = Release|Any CPU
	EndGlobalSection
	GlobalSection(ProjectConfigurationPlatforms) = postSolution
		{1310B71F-1952-4B7B-B78B-ABFADCD30694}.Debug|Any CPU.ActiveCfg = Debug|Any CPU
		{1310B71F-1952-4B7B-B78B-ABFADCD30694}.Debug|Any CPU.Build.0 = Debug|Any CPU
		{1310B71F-1952-4B7B-B78B-ABFADCD30694}.Release|Any CPU.ActiveCfg = Release|Any CPU
		{1310B71F-1952-4B7B-B78B-ABFADCD30694}.Release|Any CPU.Build.0 = Release|Any CPU
		{D5A65FC5-7F41-4922-83A9-57A33E4D6DD8}.Debug|Any CPU.ActiveCfg = Debug|Any CPU
		{D5A65FC5-7F41-4922-83A9-57A33E4D6DD8}.Debug|Any CPU.Build.0 = Debug|Any CPU
		{D5A65FC5-7F41-4922-83A9-57A33E4D6DD8}.Release|Any CPU.ActiveCfg = Release|Any CPU
		{D5A65FC5-7F41-4922-83A9-57A33E4D6DD8}.Release|Any CPU.Build.0 = Release|Any CPU
		{B0DE8515-FB4F-4642-949A-E397C00A8145}.Debug|Any CPU.ActiveCfg = Debug|Any CPU
		{B0DE8515-FB4F-4642-949A-E397C00A8145}.Debug|Any CPU.Build.0 = Debug|Any CPU
		{B0DE8515-FB4F-4642-949A-E397C00A8145}.Release|Any CPU.ActiveCfg = Release|Any CPU
		{B0DE8515-FB4F-4642-949A-E397C00A8145}.Release|Any CPU.Build.0 = Release|Any CPU
	EndGlobalSection
	GlobalSection(SolutionProperties) = preSolution
		HideSolutionNode = FALSE
	EndGlobalSection
	GlobalSection(ExtensibilityGlobals) = postSolution
		SolutionGuid = {20D603AB-F6E4-490A-8327-5FFD4AF11AA8}
	EndGlobalSection
EndGlobal
