
Microsoft Visual Studio Solution File, Format Version 12.00
# Visual Studio 15
VisualStudioVersion = 15.0.26430.16
MinimumVisualStudioVersion = 10.0.40219.1
Project("{FAE04EC0-301F-11D3-BF4B-00C04F79EFBC}") = "OnlineTranslatorStudio", "OnlineTranslatorStudio\OnlineTranslatorStudio.csproj", "{849AF126-15E4-492E-966B-ED62E378071A}"
EndProject
Project("{FAE04EC0-301F-11D3-BF4B-00C04F79EFBC}") = "OnlineTranslatorStudio.Tests", "OnlineTranslatorStudio.Tests\OnlineTranslatorStudio.Tests.csproj", "{5C3E6933-0ACE-44FE-A24C-7B3E7E4C7CE7}"
EndProject
Global
	GlobalSection(SolutionConfigurationPlatforms) = preSolution
		Debug|Any CPU = Debug|Any CPU
		Release|Any CPU = Release|Any CPU
	EndGlobalSection
	GlobalSection(ProjectConfigurationPlatforms) = postSolution
		{849AF126-15E4-492E-966B-ED62E378071A}.Debug|Any CPU.ActiveCfg = Debug|Any CPU
		{849AF126-15E4-492E-966B-ED62E378071A}.Debug|Any CPU.Build.0 = Debug|Any CPU
		{849AF126-15E4-492E-966B-ED62E378071A}.Release|Any CPU.ActiveCfg = Release|Any CPU
		{849AF126-15E4-492E-966B-ED62E378071A}.Release|Any CPU.Build.0 = Release|Any CPU
		{5C3E6933-0ACE-44FE-A24C-7B3E7E4C7CE7}.Debug|Any CPU.ActiveCfg = Debug|Any CPU
		{5C3E6933-0ACE-44FE-A24C-7B3E7E4C7CE7}.Debug|Any CPU.Build.0 = Debug|Any CPU
		{5C3E6933-0ACE-44FE-A24C-7B3E7E4C7CE7}.Release|Any CPU.ActiveCfg = Release|Any CPU
		{5C3E6933-0ACE-44FE-A24C-7B3E7E4C7CE7}.Release|Any CPU.Build.0 = Release|Any CPU
	EndGlobalSection
	GlobalSection(SolutionProperties) = preSolution
		HideSolutionNode = FALSE
	EndGlobalSection
EndGlobal
